{
  "requires": true,
  "lockfileVersion": 1,
  "dependencies": {
    "powertoast": {
      "version": "1.1.3",
      "resolved": "https://registry.npmjs.org/powertoast/-/powertoast-1.1.3.tgz",
      "integrity": "sha512-bNr+Q8+RsimCBfKnkmiUXm9AAGAJjQ18Lobz13fXpOD9HH8XHq1MgAMu/OMwbYxvnBd8qbRwsafwO1IuS28+6g=="
    }
  }
}
